
Microsoft Visual Studio Solution File, Format Version 12.00
# Visual Studio Version 17
VisualStudioVersion = 17.2.32616.157
MinimumVisualStudioVersion = 10.0.40219.1
Project("{9A19103F-16F7-4668-BE54-9A1E7A4F7556}") = "MemoryAllocation", "MemoryAllocation.csproj", "{4406E2FC-84A3-41C8-B962-FD650877D4E0}"
EndProject
Project("{FAE04EC0-301F-11D3-BF4B-00C04F79EFBC}") = "Model", "..\Model\Model.csproj", "{FD8B855B-191F-4D5E-B09B-7680B1484C56}"
EndProject
Global
	GlobalSection(SolutionConfigurationPlatforms) = preSolution
		Debug|Any CPU = Debug|Any CPU
		Release|Any CPU = Release|Any CPU
	EndGlobalSection
	GlobalSection(ProjectConfigurationPlatforms) = postSolution
		{4406E2FC-84A3-41C8-B962-FD650877D4E0}.Debug|Any CPU.ActiveCfg = Debug|Any CPU
		{4406E2FC-84A3-41C8-B962-FD650877D4E0}.Debug|Any CPU.Build.0 = Debug|Any CPU
		{4406E2FC-84A3-41C8-B962-FD650877D4E0}.Release|Any CPU.ActiveCfg = Release|Any CPU
		{4406E2FC-84A3-41C8-B962-FD650877D4E0}.Release|Any CPU.Build.0 = Release|Any CPU
		{FD8B855B-191F-4D5E-B09B-7680B1484C56}.Debug|Any CPU.ActiveCfg = Debug|Any CPU
		{FD8B855B-191F-4D5E-B09B-7680B1484C56}.Debug|Any CPU.Build.0 = Debug|Any CPU
		{FD8B855B-191F-4D5E-B09B-7680B1484C56}.Release|Any CPU.ActiveCfg = Release|Any CPU
		{FD8B855B-191F-4D5E-B09B-7680B1484C56}.Release|Any CPU.Build.0 = Release|Any CPU
	EndGlobalSection
	GlobalSection(SolutionProperties) = preSolution
		HideSolutionNode = FALSE
	EndGlobalSection
	GlobalSection(ExtensibilityGlobals) = postSolution
		SolutionGuid = {77F75E19-2E60-46FE-810C-D465491CC14B}
	EndGlobalSection
EndGlobal
